// !$*UTF8*$!
{
	archiveVersion = 1;
	classes = {
	};
	objectVersion = 77;
	objects = {

/* Begin PBXContainerItemProxy section */
		E77DCAE62D70F47C0026EADA /* PBXContainerItemProxy */ = {
			isa = PBXContainerItemProxy;
			containerPortal = E77DCAC72D70F4790026EADA /* Project object */;
			proxyType = 1;
			remoteGlobalIDString = E77DCACE2D70F4790026EADA;
			remoteInfo = Claculator;
		};
		E77DCAF02D70F47C0026EADA /* PBXContainerItemProxy */ = {
			isa = PBXContainerItemProxy;
			containerPortal = E77DCAC72D70F4790026EADA /* Project object */;
			proxyType = 1;
			remoteGlobalIDString = E77DCACE2D70F4790026EADA;
			remoteInfo = Claculator;
		};
/* End PBXContainerItemProxy section */

/* Begin PBXFileReference section */
		E77DCACF2D70F4790026EADA /* Claculator.app */ = {isa = PBXFileReference; explicitFileType = wrapper.application; includeInIndex = 0; path = Claculator.app; sourceTree = BUILT_PRODUCTS_DIR; };
		E77DCAE52D70F47C0026EADA /* ClaculatorTests.xctest */ = {isa = PBXFileReference; explicitFileType = wrapper.cfbundle; includeInIndex = 0; path = ClaculatorTests.xctest; sourceTree = BUILT_PRODUCTS_DIR; };
		E77DCAEF2D70F47C0026EADA /* ClaculatorUITests.xctest */ = {isa = PBXFileReference; explicitFileType = wrapper.cfbundle; includeInIndex = 0; path = ClaculatorUITests.xctest; sourceTree = BUILT_PRODUCTS_DIR; };
/* End PBXFileReference section */

/* Begin PBXFileSystemSynchronizedBuildFileExceptionSet section */
		E77DCAF72D70F47C0026EADA /* Exceptions for "Claculator" folder in "Claculator" target */ = {
			isa = PBXFileSystemSynchronizedBuildFileExceptionSet;
			membershipExceptions = (
				Info.plist,
			);
			target = E77DCACE2D70F4790026EADA /* Claculator */;
		};
/* End PBXFileSystemSynchronizedBuildFileExceptionSet section */

/* Begin PBXFileSystemSynchronizedRootGroup section */
		E77DCAD12D70F4790026EADA /* Claculator */ = {
			isa = PBXFileSystemSynchronizedRootGroup;
			exceptions = (
				E77DCAF72D70F47C0026EADA /* Exceptions for "Claculator" folder in "Claculator" target */,
			);
			path = Claculator;
			sourceTree = "<group>";
		};
		E77DCAE82D70F47C0026EADA /* ClaculatorTests */ = {
			isa = PBXFileSystemSynchronizedRootGroup;
			path = ClaculatorTests;
			sourceTree = "<group>";
		};
		E77DCAF22D70F47C0026EADA /* ClaculatorUITests */ = {
			isa = PBXFileSystemSynchronizedRootGroup;
			path = ClaculatorUITests;
			sourceTree = "<group>";
		};
/* End PBXFileSystemSynchronizedRootGroup section */

/* Begin PBXFrameworksBuildPhase section */
		E77DCACC2D70F4790026EADA /* Frameworks */ = {
			isa = PBXFrameworksBuildPhase;
			buildActionMask = 2147483647;
			files = (
			);
			runOnlyForDeploymentPostprocessing = 0;
		};
		E77DCAE22D70F47C0026EADA /* Frameworks */ = {
			isa = PBXFrameworksBuildPhase;
			buildActionMask = 2147483647;
			files = (
			);
			runOnlyForDeploymentPostprocessing = 0;
		};
		E77DCAEC2D70F47C0026EADA /* Frameworks */ = {
			isa = PBXFrameworksBuildPhase;
			buildActionMask = 2147483647;
			files = (
			);
			runOnlyForDeploymentPostprocessing = 0;
		};
/* End PBXFrameworksBuildPhase section */

/* Begin PBXGroup section */
		E77DCAC62D70F4790026EADA = {
			isa = PBXGroup;
			children = (
				E77DCAD12D70F4790026EADA /* Claculator */,
				E77DCAE82D70F47C0026EADA /* ClaculatorTests */,
				E77DCAF22D70F47C0026EADA /* ClaculatorUITests */,
				E77DCAD02D70F4790026EADA /* Products */,
			);
			sourceTree = "<group>";
		};
		E77DCAD02D70F4790026EADA /* Products */ = {
			isa = PBXGroup;
			children = (
				E77DCACF2D70F4790026EADA /* Claculator.app */,
				E77DCAE52D70F47C0026EADA /* ClaculatorTests.xctest */,
				E77DCAEF2D70F47C0026EADA /* ClaculatorUITests.xctest */,
			);
			name = Products;
			sourceTree = "<group>";
		};
/* End PBXGroup section */

/* Begin PBXNativeTarget section */
		E77DCACE2D70F4790026EADA /* Claculator */ = {
			isa = PBXNativeTarget;
			buildConfigurationList = E77DCAF82D70F47C0026EADA /* Build configuration list for PBXNativeTarget "Claculator" */;
			buildPhases = (
				E77DCACB2D70F4790026EADA /* Sources */,
				E77DCACC2D70F4790026EADA /* Frameworks */,
				E77DCACD2D70F4790026EADA /* Resources */,
			);
			buildRules = (
			);
			dependencies = (
			);
			fileSystemSynchronizedGroups = (
				E77DCAD12D70F4790026EADA /* Claculator */,
			);
			name = Claculator;
			packageProductDependencies = (
			);
			productName = Claculator;
			productReference = E77DCACF2D70F4790026EADA /* Claculator.app */;
			productType = "com.apple.product-type.application";
		};
		E77DCAE42D70F47C0026EADA /* ClaculatorTests */ = {
			isa = PBXNativeTarget;
			buildConfigurationList = E77DCAFD2D70F47C0026EADA /* Build configuration list for PBXNativeTarget "ClaculatorTests" */;
			buildPhases = (
				E77DCAE12D70F47C0026EADA /* Sources */,
				E77DCAE22D70F47C0026EADA /* Frameworks */,
				E77DCAE32D70F47C0026EADA /* Resources */,
			);
			buildRules = (
			);
			dependencies = (
				E77DCAE72D70F47C0026EADA /* PBXTargetDependency */,
			);
			fileSystemSynchronizedGroups = (
				E77DCAE82D70F47C0026EADA /* ClaculatorTests */,
			);
			name = ClaculatorTests;
			packageProductDependencies = (
			);
			productName = ClaculatorTests;
			productReference = E77DCAE52D70F47C0026EADA /* ClaculatorTests.xctest */;
			productType = "com.apple.product-type.bundle.unit-test";
		};
		E77DCAEE2D70F47C0026EADA /* ClaculatorUITests */ = {
			isa = PBXNativeTarget;
			buildConfigurationList = E77DCB002D70F47C0026EADA /* Build configuration list for PBXNativeTarget "ClaculatorUITests" */;
			buildPhases = (
				E77DCAEB2D70F47C0026EADA /* Sources */,
				E77DCAEC2D70F47C0026EADA /* Frameworks */,
				E77DCAED2D70F47C0026EADA /* Resources */,
			);
			buildRules = (
			);
			dependencies = (
				E77DCAF12D70F47C0026EADA /* PBXTargetDependency */,
			);
			fileSystemSynchronizedGroups = (
				E77DCAF22D70F47C0026EADA /* ClaculatorUITests */,
			);
			name = ClaculatorUITests;
			packageProductDependencies = (
			);
			productName = ClaculatorUITests;
			productReference = E77DCAEF2D70F47C0026EADA /* ClaculatorUITests.xctest */;
			productType = "com.apple.product-type.bundle.ui-testing";
		};
/* End PBXNativeTarget section */

/* Begin PBXProject section */
		E77DCAC72D70F4790026EADA /* Project object */ = {
			isa = PBXProject;
			attributes = {
				BuildIndependentTargetsInParallel = 1;
				LastSwiftUpdateCheck = 1620;
				LastUpgradeCheck = 1620;
				TargetAttributes = {
					E77DCACE2D70F4790026EADA = {
						CreatedOnToolsVersion = 16.2;
					};
					E77DCAE42D70F47C0026EADA = {
						CreatedOnToolsVersion = 16.2;
						TestTargetID = E77DCACE2D70F4790026EADA;
					};
					E77DCAEE2D70F47C0026EADA = {
						CreatedOnToolsVersion = 16.2;
						TestTargetID = E77DCACE2D70F4790026EADA;
					};
				};
			};
			buildConfigurationList = E77DCACA2D70F4790026EADA /* Build configuration list for PBXProject "Claculator" */;
			developmentRegion = en;
			hasScannedForEncodings = 0;
			knownRegions = (
				en,
				Base,
			);
			mainGroup = E77DCAC62D70F4790026EADA;
			minimizedProjectReferenceProxies = 1;
			preferredProjectObjectVersion = 77;
			productRefGroup = E77DCAD02D70F4790026EADA /* Products */;
			projectDirPath = "";
			projectRoot = "";
			targets = (
				E77DCACE2D70F4790026EADA /* Claculator */,
				E77DCAE42D70F47C0026EADA /* ClaculatorTests */,
				E77DCAEE2D70F47C0026EADA /* ClaculatorUITests */,
			);
		};
/* End PBXProject section */

/* Begin PBXResourcesBuildPhase section */
		E77DCACD2D70F4790026EADA /* Resources */ = {
			isa = PBXResourcesBuildPhase;
			buildActionMask = 2147483647;
			files = (
			);
			runOnlyForDeploymentPostprocessing = 0;
		};
		E77DCAE32D70F47C0026EADA /* Resources */ = {
			isa = PBXResourcesBuildPhase;
			buildActionMask = 2147483647;
			files = (
			);
			runOnlyForDeploymentPostprocessing = 0;
		};
		E77DCAED2D70F47C0026EADA /* Resources */ = {
			isa = PBXResourcesBuildPhase;
			buildActionMask = 2147483647;
			files = (
			);
			runOnlyForDeploymentPostprocessing = 0;
		};
/* End PBXResourcesBuildPhase section */

/* Begin PBXSourcesBuildPhase section */
		E77DCACB2D70F4790026EADA /* Sources */ = {
			isa = PBXSourcesBuildPhase;
			buildActionMask = 2147483647;
			files = (
			);
			runOnlyForDeploymentPostprocessing = 0;
		};
		E77DCAE12D70F47C0026EADA /* Sources */ = {
			isa = PBXSourcesBuildPhase;
			buildActionMask = 2147483647;
			files = (
			);
			runOnlyForDeploymentPostprocessing = 0;
		};
		E77DCAEB2D70F47C0026EADA /* Sources */ = {
			isa = PBXSourcesBuildPhase;
			buildActionMask = 2147483647;
			files = (
			);
			runOnlyForDeploymentPostprocessing = 0;
		};
/* End PBXSourcesBuildPhase section */

/* Begin PBXTargetDependency section */
		E77DCAE72D70F47C0026EADA /* PBXTargetDependency */ = {
			isa = PBXTargetDependency;
			target = E77DCACE2D70F4790026EADA /* Claculator */;
			targetProxy = E77DCAE62D70F47C0026EADA /* PBXContainerItemProxy */;
		};
		E77DCAF12D70F47C0026EADA /* PBXTargetDependency */ = {
			isa = PBXTargetDependency;
			target = E77DCACE2D70F4790026EADA /* Claculator */;
			targetProxy = E77DCAF02D70F47C0026EADA /* PBXContainerItemProxy */;
		};
/* End PBXTargetDependency section */

/* Begin XCBuildConfiguration section */
		E77DCAF92D70F47C0026EADA /* Debug */ = {
			isa = XCBuildConfiguration;
			buildSettings = {
				ASSETCATALOG_COMPILER_APPICON_NAME = AppIcon;
				ASSETCATALOG_COMPILER_GLOBAL_ACCENT_COLOR_NAME = AccentColor;
				CODE_SIGN_STYLE = Automatic;
				CURRENT_PROJECT_VERSION = 1;
				GENERATE_INFOPLIST_FILE = YES;
				INFOPLIST_FILE = Claculator/Info.plist;
				INFOPLIST_KEY_UIApplicationSupportsIndirectInputEvents = YES;
				INFOPLIST_KEY_UILaunchStoryboardName = LaunchScreen;
				INFOPLIST_KEY_UIMainStoryboardFile = Main;
				INFOPLIST_KEY_UISupportedInterfaceOrientations_iPad = "UIInterfaceOrientationPortrait UIInterfaceOrientationPortraitUpsideDown UIInterfaceOrientationLandscapeLeft UIInterfaceOrientationLandscapeRight";
				INFOPLIST_KEY_UISupportedInterfaceOrientations_iPhone = "UIInterfaceOrientationPortrait UIInterfaceOrientationLandscapeLeft UIInterfaceOrientationLandscapeRight";
				LD_RUNPATH_SEARCH_PATHS = (
					"$(inherited)",
					"@executable_path/Frameworks",
				);
				MARKETING_VERSION = 1.0;
				PRODUCT_BUNDLE_IDENTIFIER = Ladzsz.Claculator;
				PRODUCT_NAME = "$(TARGET_NAME)";
				SWIFT_EMIT_LOC_STRINGS = YES;
				SWIFT_VERSION = 5.0;
				TARGETED_DEVICE_FAMILY = "1,2";
			};
			name = Debug;
		};
		E77DCAFA2D70F47C0026EADA /* Release */ = {
			isa = XCBuildConfiguration;
			buildSettings = {
				ASSETCATALOG_COMPILER_APPICON_NAME = AppIcon;
				ASSETCATALOG_COMPILER_GLOBAL_ACCENT_COLOR_NAME = AccentColor;
				CODE_SIGN_STYLE = Automatic;
				CURRENT_PROJECT_VERSION = 1;
				GENERATE_INFOPLIST_FILE = YES;
				INFOPLIST_FILE = Claculator/Info.plist;
				INFOPLIST_KEY_UIApplicationSupportsIndirectInputEvents = YES;
				INFOPLIST_KEY_UILaunchStoryboardName = LaunchScreen;
				INFOPLIST_KEY_UIMainStoryboardFile = Main;
				INFOPLIST_KEY_UISupportedInterfaceOrientations_iPad = "UIInterfaceOrientationPortrait UIInterfaceOrientationPortraitUpsideDown UIInterfaceOrientationLandscapeLeft UIInterfaceOrientationLandscapeRight";
				INFOPLIST_KEY_UISupportedInterfaceOrientations_iPhone = "UIInterfaceOrientationPortrait UIInterfaceOrientationLandscapeLeft UIInterfaceOrientationLandscapeRight";
				LD_RUNPATH_SEARCH_PATHS = (
					"$(inherited)",
					"@executable_path/Frameworks",
				);
				MARKETING_VERSION = 1.0;
				PRODUCT_BUNDLE_IDENTIFIER = Ladzsz.Claculator;
				PRODUCT_NAME = "$(TARGET_NAME)";
				SWIFT_EMIT_LOC_STRINGS = YES;
				SWIFT_VERSION = 5.0;
				TARGETED_DEVICE_FAMILY = "1,2";
			};
			name = Release;
		};
		E77DCAFB2D70F47C0026EADA /* Debug */ = {
			isa = XCBuildConfiguration;
			buildSettings = {
				ALWAYS_SEARCH_USER_PATHS = NO;
				ASSETCATALOG_COMPILER_GENERATE_SWIFT_ASSET_SYMBOL_EXTENSIONS = YES;
				CLANG_ANALYZER_NONNULL = YES;
				CLANG_ANALYZER_NUMBER_OBJECT_CONVERSION = YES_AGGRESSIVE;
				CLANG_CXX_LANGUAGE_STANDARD = "gnu++20";
				CLANG_ENABLE_MODULES = YES;
				CLANG_ENABLE_OBJC_ARC = YES;
				CLANG_ENABLE_OBJC_WEAK = YES;
				CLANG_WARN_BLOCK_CAPTURE_AUTORELEASING = YES;
				CLANG_WARN_BOOL_CONVERSION = YES;
				CLANG_WARN_COMMA = YES;
				CLANG_WARN_CONSTANT_CONVERSION = YES;
				CLANG_WARN_DEPRECATED_OBJC_IMPLEMENTATIONS = YES;
				CLANG_WARN_DIRECT_OBJC_ISA_USAGE = YES_ERROR;
				CLANG_WARN_DOCUMENTATION_COMMENTS = YES;
				CLANG_WARN_EMPTY_BODY = YES;
				CLANG_WARN_ENUM_CONVERSION = YES;
				CLANG_WARN_INFINITE_RECURSION = YES;
				CLANG_WARN_INT_CONVERSION = YES;
				CLANG_WARN_NON_LITERAL_NULL_CONVERSION = YES;
				CLANG_WARN_OBJC_IMPLICIT_RETAIN_SELF = YES;
				CLANG_WARN_OBJC_LITERAL_CONVERSION = YES;
				CLANG_WARN_OBJC_ROOT_CLASS = YES_ERROR;
				CLANG_WARN_QUOTED_INCLUDE_IN_FRAMEWORK_HEADER = YES;
				CLANG_WARN_RANGE_LOOP_ANALYSIS = YES;
				CLANG_WARN_STRICT_PROTOTYPES = YES;
				CLANG_WARN_SUSPICIOUS_MOVE = YES;
				CLANG_WARN_UNGUARDED_AVAILABILITY = YES_AGGRESSIVE;
				CLANG_WARN_UNREACHABLE_CODE = YES;
				CLANG_WARN__DUPLICATE_METHOD_MATCH = YES;
				COPY_PHASE_STRIP = NO;
				DEBUG_INFORMATION_FORMAT = dwarf;
				ENABLE_STRICT_OBJC_MSGSEND = YES;
				ENABLE_TESTABILITY = YES;
				ENABLE_USER_SCRIPT_SANDBOXING = YES;
				GCC_C_LANGUAGE_STANDARD = gnu17;
				GCC_DYNAMIC_NO_PIC = NO;
				GCC_NO_COMMON_BLOCKS = YES;
				GCC_OPTIMIZATION_LEVEL = 0;
				GCC_PREPROCESSOR_DEFINITIONS = (
					"DEBUG=1",
					"$(inherited)",
				);
				GCC_WARN_64_TO_32_BIT_CONVERSION = YES;
				GCC_WARN_ABOUT_RETURN_TYPE = YES_ERROR;
				GCC_WARN_UNDECLARED_SELECTOR = YES;
				GCC_WARN_UNINITIALIZED_AUTOS = YES_AGGRESSIVE;
				GCC_WARN_UNUSED_FUNCTION = YES;
				GCC_WARN_UNUSED_VARIABLE = YES;
				IPHONEOS_DEPLOYMENT_TARGET = 18.2;
				LOCALIZATION_PREFERS_STRING_CATALOGS = YES;
				MTL_ENABLE_DEBUG_INFO = INCLUDE_SOURCE;
				MTL_FAST_MATH = YES;
				ONLY_ACTIVE_ARCH = YES;
				SDKROOT = iphoneos;
				SWIFT_ACTIVE_COMPILATION_CONDITIONS = "DEBUG $(inherited)";
				SWIFT_OPTIMIZATION_LEVEL = "-Onone";
			};
			name = Debug;
		};
		E77DCAFC2D70F47C0026EADA /* Release */ = {
			isa = XCBuildConfiguration;
			buildSettings = {
				ALWAYS_SEARCH_USER_PATHS = NO;
				ASSETCATALOG_COMPILER_GENERATE_SWIFT_ASSET_SYMBOL_EXTENSIONS = YES;
				CLANG_ANALYZER_NONNULL = YES;
				CLANG_ANALYZER_NUMBER_OBJECT_CONVERSION = YES_AGGRESSIVE;
				CLANG_CXX_LANGUAGE_STANDARD = "gnu++20";
				CLANG_ENABLE_MODULES = YES;
				CLANG_ENABLE_OBJC_ARC = YES;
				CLANG_ENABLE_OBJC_WEAK = YES;
				CLANG_WARN_BLOCK_CAPTURE_AUTORELEASING = YES;
				CLANG_WARN_BOOL_CONVERSION = YES;
				CLANG_WARN_COMMA = YES;
				CLANG_WARN_CONSTANT_CONVERSION = YES;
				CLANG_WARN_DEPRECATED_OBJC_IMPLEMENTATIONS = YES;
				CLANG_WARN_DIRECT_OBJC_ISA_USAGE = YES_ERROR;
				CLANG_WARN_DOCUMENTATION_COMMENTS = YES;
				CLANG_WARN_EMPTY_BODY = YES;
				CLANG_WARN_ENUM_CONVERSION = YES;
				CLANG_WARN_INFINITE_RECURSION = YES;
				CLANG_WARN_INT_CONVERSION = YES;
				CLANG_WARN_NON_LITERAL_NULL_CONVERSION = YES;
				CLANG_WARN_OBJC_IMPLICIT_RETAIN_SELF = YES;
				CLANG_WARN_OBJC_LITERAL_CONVERSION = YES;
				CLANG_WARN_OBJC_ROOT_CLASS = YES_ERROR;
				CLANG_WARN_QUOTED_INCLUDE_IN_FRAMEWORK_HEADER = YES;
				CLANG_WARN_RANGE_LOOP_ANALYSIS = YES;
				CLANG_WARN_STRICT_PROTOTYPES = YES;
				CLANG_WARN_SUSPICIOUS_MOVE = YES;
				CLANG_WARN_UNGUARDED_AVAILABILITY = YES_AGGRESSIVE;
				CLANG_WARN_UNREACHABLE_CODE = YES;
				CLANG_WARN__DUPLICATE_METHOD_MATCH = YES;
				COPY_PHASE_STRIP = NO;
				DEBUG_INFORMATION_FORMAT = "dwarf-with-dsym";
				ENABLE_NS_ASSERTIONS = NO;
				ENABLE_STRICT_OBJC_MSGSEND = YES;
				ENABLE_USER_SCRIPT_SANDBOXING = YES;
				GCC_C_LANGUAGE_STANDARD = gnu17;
				GCC_NO_COMMON_BLOCKS = YES;
				GCC_WARN_64_TO_32_BIT_CONVERSION = YES;
				GCC_WARN_ABOUT_RETURN_TYPE = YES_ERROR;
				GCC_WARN_UNDECLARED_SELECTOR = YES;
				GCC_WARN_UNINITIALIZED_AUTOS = YES_AGGRESSIVE;
				GCC_WARN_UNUSED_FUNCTION = YES;
				GCC_WARN_UNUSED_VARIABLE = YES;
				IPHONEOS_DEPLOYMENT_TARGET = 18.2;
				LOCALIZATION_PREFERS_STRING_CATALOGS = YES;
				MTL_ENABLE_DEBUG_INFO = NO;
				MTL_FAST_MATH = YES;
				SDKROOT = iphoneos;
				SWIFT_COMPILATION_MODE = wholemodule;
				VALIDATE_PRODUCT = YES;
			};
			name = Release;
		};
		E77DCAFE2D70F47C0026EADA /* Debug */ = {
			isa = XCBuildConfiguration;
			buildSettings = {
				BUNDLE_LOADER = "$(TEST_HOST)";
				CODE_SIGN_STYLE = Automatic;
				CURRENT_PROJECT_VERSION = 1;
				GENERATE_INFOPLIST_FILE = YES;
				IPHONEOS_DEPLOYMENT_TARGET = 18.2;
				MARKETING_VERSION = 1.0;
				PRODUCT_BUNDLE_IDENTIFIER = Ladzsz.ClaculatorTests;
				PRODUCT_NAME = "$(TARGET_NAME)";
				SWIFT_EMIT_LOC_STRINGS = NO;
				SWIFT_VERSION = 5.0;
				TARGETED_DEVICE_FAMILY = "1,2";
				TEST_HOST = "$(BUILT_PRODUCTS_DIR)/Claculator.app/$(BUNDLE_EXECUTABLE_FOLDER_PATH)/Claculator";
			};
			name = Debug;
		};
		E77DCAFF2D70F47C0026EADA /* Release */ = {
			isa = XCBuildConfiguration;
			buildSettings = {
				BUNDLE_LOADER = "$(TEST_HOST)";
				CODE_SIGN_STYLE = Automatic;
				CURRENT_PROJECT_VERSION = 1;
				GENERATE_INFOPLIST_FILE = YES;
				IPHONEOS_DEPLOYMENT_TARGET = 18.2;
				MARKETING_VERSION = 1.0;
				PRODUCT_BUNDLE_IDENTIFIER = Ladzsz.ClaculatorTests;
				PRODUCT_NAME = "$(TARGET_NAME)";
				SWIFT_EMIT_LOC_STRINGS = NO;
				SWIFT_VERSION = 5.0;
				TARGETED_DEVICE_FAMILY = "1,2";
				TEST_HOST = "$(BUILT_PRODUCTS_DIR)/Claculator.app/$(BUNDLE_EXECUTABLE_FOLDER_PATH)/Claculator";
			};
			name = Release;
		};
		E77DCB012D70F47C0026EADA /* Debug */ = {
			isa = XCBuildConfiguration;
			buildSettings = {
				CODE_SIGN_STYLE = Automatic;
				CURRENT_PROJECT_VERSION = 1;
				GENERATE_INFOPLIST_FILE = YES;
				MARKETING_VERSION = 1.0;
				PRODUCT_BUNDLE_IDENTIFIER = Ladzsz.ClaculatorUITests;
				PRODUCT_NAME = "$(TARGET_NAME)";
				SWIFT_EMIT_LOC_STRINGS = NO;
				SWIFT_VERSION = 5.0;
				TARGETED_DEVICE_FAMILY = "1,2";
				TEST_TARGET_NAME = Claculator;
			};
			name = Debug;
		};
		E77DCB022D70F47C0026EADA /* Release */ = {
			isa = XCBuildConfiguration;
			buildSettings = {
				CODE_SIGN_STYLE = Automatic;
				CURRENT_PROJECT_VERSION = 1;
				GENERATE_INFOPLIST_FILE = YES;
				MARKETING_VERSION = 1.0;
				PRODUCT_BUNDLE_IDENTIFIER = Ladzsz.ClaculatorUITests;
				PRODUCT_NAME = "$(TARGET_NAME)";
				SWIFT_EMIT_LOC_STRINGS = NO;
				SWIFT_VERSION = 5.0;
				TARGETED_DEVICE_FAMILY = "1,2";
				TEST_TARGET_NAME = Claculator;
			};
			name = Release;
		};
/* End XCBuildConfiguration section */

/* Begin XCConfigurationList section */
		E77DCACA2D70F4790026EADA /* Build configuration list for PBXProject "Claculator" */ = {
			isa = XCConfigurationList;
			buildConfigurations = (
				E77DCAFB2D70F47C0026EADA /* Debug */,
				E77DCAFC2D70F47C0026EADA /* Release */,
			);
			defaultConfigurationIsVisible = 0;
			defaultConfigurationName = Release;
		};
		E77DCAF82D70F47C0026EADA /* Build configuration list for PBXNativeTarget "Claculator" */ = {
			isa = XCConfigurationList;
			buildConfigurations = (
				E77DCAF92D70F47C0026EADA /* Debug */,
				E77DCAFA2D70F47C0026EADA /* Release */,
			);
			defaultConfigurationIsVisible = 0;
			defaultConfigurationName = Release;
		};
		E77DCAFD2D70F47C0026EADA /* Build configuration list for PBXNativeTarget "ClaculatorTests" */ = {
			isa = XCConfigurationList;
			buildConfigurations = (
				E77DCAFE2D70F47C0026EADA /* Debug */,
				E77DCAFF2D70F47C0026EADA /* Release */,
			);
			defaultConfigurationIsVisible = 0;
			defaultConfigurationName = Release;
		};
		E77DCB002D70F47C0026EADA /* Build configuration list for PBXNativeTarget "ClaculatorUITests" */ = {
			isa = XCConfigurationList;
			buildConfigurations = (
				E77DCB012D70F47C0026EADA /* Debug */,
				E77DCB022D70F47C0026EADA /* Release */,
			);
			defaultConfigurationIsVisible = 0;
			defaultConfigurationName = Release;
		};
/* End XCConfigurationList section */
	};
	rootObject = E77DCAC72D70F4790026EADA /* Project object */;
}
